
Microsoft Visual Studio Solution File, Format Version 12.00
# Visual Studio Version 16
VisualStudioVersion = 16.0.30621.155
MinimumVisualStudioVersion = 10.0.40219.1
Project("{FAE04EC0-301F-11D3-BF4B-00C04F79EFBC}") = "MelodyShop", "MelodyShop\MelodyShop.csproj", "{C01783F0-30D8-4052-AF16-188ACA30D8B4}"
EndProject
Project("{FAE04EC0-301F-11D3-BF4B-00C04F79EFBC}") = "MelodyShop.Tests", "MelodyShop.Tests\MelodyShop.Tests.csproj", "{629BC40F-5C36-4782-A01F-179AD6B2BEA1}"
EndProject
Project("{9A19103F-16F7-4668-BE54-9A1E7A4F7556}") = "MelodyShop.Service", "MelodyShop.Service\MelodyShop.Service.csproj", "{0535CC16-2D9D-42AD-AB4B-73175BF33873}"
EndProject
Project("{00D1A9C2-B5F0-4AF3-8072-F6C62B433612}") = "MelodyShop.Database", "MelodyShop.Database\MelodyShop.Database.sqlproj", "{05A1A267-F075-4CDB-80A4-D64E9D4D331F}"
EndProject
Global
	GlobalSection(SolutionConfigurationPlatforms) = preSolution
		Debug|Any CPU = Debug|Any CPU
		Release|Any CPU = Release|Any CPU
	EndGlobalSection
	GlobalSection(ProjectConfigurationPlatforms) = postSolution
		{C01783F0-30D8-4052-AF16-188ACA30D8B4}.Debug|Any CPU.ActiveCfg = Debug|Any CPU
		{C01783F0-30D8-4052-AF16-188ACA30D8B4}.Debug|Any CPU.Build.0 = Debug|Any CPU
		{C01783F0-30D8-4052-AF16-188ACA30D8B4}.Release|Any CPU.ActiveCfg = Release|Any CPU
		{C01783F0-30D8-4052-AF16-188ACA30D8B4}.Release|Any CPU.Build.0 = Release|Any CPU
		{629BC40F-5C36-4782-A01F-179AD6B2BEA1}.Debug|Any CPU.ActiveCfg = Debug|Any CPU
		{629BC40F-5C36-4782-A01F-179AD6B2BEA1}.Debug|Any CPU.Build.0 = Debug|Any CPU
		{629BC40F-5C36-4782-A01F-179AD6B2BEA1}.Release|Any CPU.ActiveCfg = Release|Any CPU
		{629BC40F-5C36-4782-A01F-179AD6B2BEA1}.Release|Any CPU.Build.0 = Release|Any CPU
		{0535CC16-2D9D-42AD-AB4B-73175BF33873}.Debug|Any CPU.ActiveCfg = Debug|Any CPU
		{0535CC16-2D9D-42AD-AB4B-73175BF33873}.Debug|Any CPU.Build.0 = Debug|Any CPU
		{0535CC16-2D9D-42AD-AB4B-73175BF33873}.Release|Any CPU.ActiveCfg = Release|Any CPU
		{0535CC16-2D9D-42AD-AB4B-73175BF33873}.Release|Any CPU.Build.0 = Release|Any CPU
		{05A1A267-F075-4CDB-80A4-D64E9D4D331F}.Debug|Any CPU.ActiveCfg = Debug|Any CPU
		{05A1A267-F075-4CDB-80A4-D64E9D4D331F}.Debug|Any CPU.Build.0 = Debug|Any CPU
		{05A1A267-F075-4CDB-80A4-D64E9D4D331F}.Debug|Any CPU.Deploy.0 = Debug|Any CPU
		{05A1A267-F075-4CDB-80A4-D64E9D4D331F}.Release|Any CPU.ActiveCfg = Release|Any CPU
		{05A1A267-F075-4CDB-80A4-D64E9D4D331F}.Release|Any CPU.Build.0 = Release|Any CPU
		{05A1A267-F075-4CDB-80A4-D64E9D4D331F}.Release|Any CPU.Deploy.0 = Release|Any CPU
	EndGlobalSection
	GlobalSection(SolutionProperties) = preSolution
		HideSolutionNode = FALSE
	EndGlobalSection
	GlobalSection(ExtensibilityGlobals) = postSolution
		SolutionGuid = {7C7778D0-2B21-40A9-B48E-0C407203BE33}
	EndGlobalSection
EndGlobal
